
Microsoft Visual Studio Solution File, Format Version 12.00
# Visual Studio Version 17
VisualStudioVersion = 17.6.33801.468
MinimumVisualStudioVersion = 10.0.40219.1
Project("{FAE04EC0-301F-11D3-BF4B-00C04F79EFBC}") = "BinarySearch", "BinarySearch.csproj", "{D22CBB45-3878-4D61-9148-880DA43FD086}"
EndProject
Global
	GlobalSection(SolutionConfigurationPlatforms) = preSolution
		Debug|Any CPU = Debug|Any CPU
		Release|Any CPU = Release|Any CPU
	EndGlobalSection
	GlobalSection(ProjectConfigurationPlatforms) = postSolution
		{D22CBB45-3878-4D61-9148-880DA43FD086}.Debug|Any CPU.ActiveCfg = Debug|Any CPU
		{D22CBB45-3878-4D61-9148-880DA43FD086}.Debug|Any CPU.Build.0 = Debug|Any CPU
		{D22CBB45-3878-4D61-9148-880DA43FD086}.Release|Any CPU.ActiveCfg = Release|Any CPU
		{D22CBB45-3878-4D61-9148-880DA43FD086}.Release|Any CPU.Build.0 = Release|Any CPU
	EndGlobalSection
	GlobalSection(SolutionProperties) = preSolution
		HideSolutionNode = FALSE
	EndGlobalSection
	GlobalSection(ExtensibilityGlobals) = postSolution
		SolutionGuid = {EE3059ED-DF8C-4D37-A0AC-CF859CB4C3FB}
	EndGlobalSection
EndGlobal
